
Microsoft Visual Studio Solution File, Format Version 12.00
# Visual Studio Version 17
VisualStudioVersion = 17.6.33723.286
MinimumVisualStudioVersion = 10.0.40219.1
Project("{FAE04EC0-301F-11D3-BF4B-00C04F79EFBC}") = "Test_Technique_Backend", "Test_Technique_Backend\Test_Technique_Backend.csproj", "{7207A6B7-1C36-47B4-A9BA-2AEC84D60552}"
EndProject
Global
	GlobalSection(SolutionConfigurationPlatforms) = preSolution
		Debug|Any CPU = Debug|Any CPU
		Release|Any CPU = Release|Any CPU
	EndGlobalSection
	GlobalSection(ProjectConfigurationPlatforms) = postSolution
		{7207A6B7-1C36-47B4-A9BA-2AEC84D60552}.Debug|Any CPU.ActiveCfg = Debug|Any CPU
		{7207A6B7-1C36-47B4-A9BA-2AEC84D60552}.Debug|Any CPU.Build.0 = Debug|Any CPU
		{7207A6B7-1C36-47B4-A9BA-2AEC84D60552}.Release|Any CPU.ActiveCfg = Release|Any CPU
		{7207A6B7-1C36-47B4-A9BA-2AEC84D60552}.Release|Any CPU.Build.0 = Release|Any CPU
	EndGlobalSection
	GlobalSection(SolutionProperties) = preSolution
		HideSolutionNode = FALSE
	EndGlobalSection
	GlobalSection(ExtensibilityGlobals) = postSolution
		SolutionGuid = {D170EB2C-0057-4E79-A035-E32B40A051D9}
	EndGlobalSection
EndGlobal
